// !$*UTF8*$!
{
	archiveVersion = 1;
	classes = {
	};
	objectVersion = 46;
	objects = {

/* Begin PBXBuildFile section */
		786736791DAFA34D0082828B /* BinAPI.swift in Sources */ = {isa = PBXBuildFile; fileRef = 786736781DAFA34D0082828B /* BinAPI.swift */; };
		7867367C1DAFAD370082828B /* Endpoint.framework in Frameworks */ = {isa = PBXBuildFile; fileRef = 787AECBC1DABDEC7001A49BB /* Endpoint.framework */; };
		7867367D1DAFAD370082828B /* Endpoint.framework in Embed Frameworks */ = {isa = PBXBuildFile; fileRef = 787AECBC1DABDEC7001A49BB /* Endpoint.framework */; settings = {ATTRIBUTES = (CodeSignOnCopy, RemoveHeadersOnCopy, ); }; };
		78685CB61DAFBDF500B72F18 /* EndpointMapper.framework in Frameworks */ = {isa = PBXBuildFile; fileRef = 78685CAD1DAFBDF500B72F18 /* EndpointMapper.framework */; };
		78685CBD1DAFBDF500B72F18 /* EndpointMapperTests.swift in Sources */ = {isa = PBXBuildFile; fileRef = 78685CBC1DAFBDF500B72F18 /* EndpointMapperTests.swift */; };
		78685CBF1DAFBDF500B72F18 /* EndpointMapper.h in Headers */ = {isa = PBXBuildFile; fileRef = 78685CAF1DAFBDF500B72F18 /* EndpointMapper.h */; settings = {ATTRIBUTES = (Public, ); }; };
		78685CC21DAFBDF500B72F18 /* EndpointMapper.framework in Frameworks */ = {isa = PBXBuildFile; fileRef = 78685CAD1DAFBDF500B72F18 /* EndpointMapper.framework */; };
		78685CC31DAFBDF500B72F18 /* EndpointMapper.framework in Embed Frameworks */ = {isa = PBXBuildFile; fileRef = 78685CAD1DAFBDF500B72F18 /* EndpointMapper.framework */; settings = {ATTRIBUTES = (CodeSignOnCopy, RemoveHeadersOnCopy, ); }; };
		78685CCA1DAFBE0600B72F18 /* Endpoint.framework in Frameworks */ = {isa = PBXBuildFile; fileRef = 787AECBC1DABDEC7001A49BB /* Endpoint.framework */; };
		787AECC61DABDEC8001A49BB /* Endpoint.framework in Frameworks */ = {isa = PBXBuildFile; fileRef = 787AECBC1DABDEC7001A49BB /* Endpoint.framework */; };
		787AECCB1DABDEC8001A49BB /* EndpointTests.swift in Sources */ = {isa = PBXBuildFile; fileRef = 787AECCA1DABDEC8001A49BB /* EndpointTests.swift */; };
		787AECCD1DABDEC8001A49BB /* Endpoint.h in Headers */ = {isa = PBXBuildFile; fileRef = 787AECBF1DABDEC7001A49BB /* Endpoint.h */; settings = {ATTRIBUTES = (Public, ); }; };
		787AECD71DABE037001A49BB /* HTTPAPI.swift in Sources */ = {isa = PBXBuildFile; fileRef = 787AECD61DABE037001A49BB /* HTTPAPI.swift */; };
		787AECDF1DABE56A001A49BB /* AppDelegate.swift in Sources */ = {isa = PBXBuildFile; fileRef = 787AECDE1DABE56A001A49BB /* AppDelegate.swift */; };
		787AECE11DABE56A001A49BB /* ViewController.swift in Sources */ = {isa = PBXBuildFile; fileRef = 787AECE01DABE56A001A49BB /* ViewController.swift */; };
		787AECE41DABE56A001A49BB /* Main.storyboard in Resources */ = {isa = PBXBuildFile; fileRef = 787AECE21DABE56A001A49BB /* Main.storyboard */; };
		787AECE61DABE56A001A49BB /* Assets.xcassets in Resources */ = {isa = PBXBuildFile; fileRef = 787AECE51DABE56A001A49BB /* Assets.xcassets */; };
		787AECE91DABE56A001A49BB /* LaunchScreen.storyboard in Resources */ = {isa = PBXBuildFile; fileRef = 787AECE71DABE56A001A49BB /* LaunchScreen.storyboard */; };
		787AECF41DABE56A001A49BB /* EndpointExampleTests.swift in Sources */ = {isa = PBXBuildFile; fileRef = 787AECF31DABE56A001A49BB /* EndpointExampleTests.swift */; };
/* End PBXBuildFile section */

/* Begin PBXContainerItemProxy section */
		7867367A1DAFA6CE0082828B /* PBXContainerItemProxy */ = {
			isa = PBXContainerItemProxy;
			containerPortal = 787AECB31DABDEC7001A49BB /* Project object */;
			proxyType = 1;
			remoteGlobalIDString = 787AECBB1DABDEC7001A49BB;
			remoteInfo = Endpoint;
		};
		78685CB71DAFBDF500B72F18 /* PBXContainerItemProxy */ = {
			isa = PBXContainerItemProxy;
			containerPortal = 787AECB31DABDEC7001A49BB /* Project object */;
			proxyType = 1;
			remoteGlobalIDString = 78685CAC1DAFBDF500B72F18;
			remoteInfo = EndpointMapper;
		};
		78685CB91DAFBDF500B72F18 /* PBXContainerItemProxy */ = {
			isa = PBXContainerItemProxy;
			containerPortal = 787AECB31DABDEC7001A49BB /* Project object */;
			proxyType = 1;
			remoteGlobalIDString = 787AECDB1DABE56A001A49BB;
			remoteInfo = EndpointExample;
		};
		78685CC01DAFBDF500B72F18 /* PBXContainerItemProxy */ = {
			isa = PBXContainerItemProxy;
			containerPortal = 787AECB31DABDEC7001A49BB /* Project object */;
			proxyType = 1;
			remoteGlobalIDString = 78685CAC1DAFBDF500B72F18;
			remoteInfo = EndpointMapper;
		};
		78685CCB1DAFBE0C00B72F18 /* PBXContainerItemProxy */ = {
			isa = PBXContainerItemProxy;
			containerPortal = 787AECB31DABDEC7001A49BB /* Project object */;
			proxyType = 1;
			remoteGlobalIDString = 787AECBB1DABDEC7001A49BB;
			remoteInfo = Endpoint;
		};
		787AECC71DABDEC8001A49BB /* PBXContainerItemProxy */ = {
			isa = PBXContainerItemProxy;
			containerPortal = 787AECB31DABDEC7001A49BB /* Project object */;
			proxyType = 1;
			remoteGlobalIDString = 787AECBB1DABDEC7001A49BB;
			remoteInfo = Endpoint;
		};
		787AECF01DABE56A001A49BB /* PBXContainerItemProxy */ = {
			isa = PBXContainerItemProxy;
			containerPortal = 787AECB31DABDEC7001A49BB /* Project object */;
			proxyType = 1;
			remoteGlobalIDString = 787AECDB1DABE56A001A49BB;
			remoteInfo = EndpointExample;
		};
/* End PBXContainerItemProxy section */

/* Begin PBXCopyFilesBuildPhase section */
		7867367E1DAFAD380082828B /* Embed Frameworks */ = {
			isa = PBXCopyFilesBuildPhase;
			buildActionMask = 2147483647;
			dstPath = "";
			dstSubfolderSpec = 10;
			files = (
				78685CC31DAFBDF500B72F18 /* EndpointMapper.framework in Embed Frameworks */,
				7867367D1DAFAD370082828B /* Endpoint.framework in Embed Frameworks */,
			);
			name = "Embed Frameworks";
			runOnlyForDeploymentPostprocessing = 0;
		};
/* End PBXCopyFilesBuildPhase section */

/* Begin PBXFileReference section */
		786736781DAFA34D0082828B /* BinAPI.swift */ = {isa = PBXFileReference; fileEncoding = 4; lastKnownFileType = sourcecode.swift; path = BinAPI.swift; sourceTree = "<group>"; };
		78685CAD1DAFBDF500B72F18 /* EndpointMapper.framework */ = {isa = PBXFileReference; explicitFileType = wrapper.framework; includeInIndex = 0; path = EndpointMapper.framework; sourceTree = BUILT_PRODUCTS_DIR; };
		78685CAF1DAFBDF500B72F18 /* EndpointMapper.h */ = {isa = PBXFileReference; lastKnownFileType = sourcecode.c.h; path = EndpointMapper.h; sourceTree = "<group>"; };
		78685CB01DAFBDF500B72F18 /* Info.plist */ = {isa = PBXFileReference; lastKnownFileType = text.plist.xml; path = Info.plist; sourceTree = "<group>"; };
		78685CB51DAFBDF500B72F18 /* EndpointMapperTests.xctest */ = {isa = PBXFileReference; explicitFileType = wrapper.cfbundle; includeInIndex = 0; path = EndpointMapperTests.xctest; sourceTree = BUILT_PRODUCTS_DIR; };
		78685CBC1DAFBDF500B72F18 /* EndpointMapperTests.swift */ = {isa = PBXFileReference; lastKnownFileType = sourcecode.swift; path = EndpointMapperTests.swift; sourceTree = "<group>"; };
		78685CBE1DAFBDF500B72F18 /* Info.plist */ = {isa = PBXFileReference; lastKnownFileType = text.plist.xml; path = Info.plist; sourceTree = "<group>"; };
		787AECBC1DABDEC7001A49BB /* Endpoint.framework */ = {isa = PBXFileReference; explicitFileType = wrapper.framework; includeInIndex = 0; path = Endpoint.framework; sourceTree = BUILT_PRODUCTS_DIR; };
		787AECBF1DABDEC7001A49BB /* Endpoint.h */ = {isa = PBXFileReference; lastKnownFileType = sourcecode.c.h; path = Endpoint.h; sourceTree = "<group>"; };
		787AECC01DABDEC7001A49BB /* Info.plist */ = {isa = PBXFileReference; lastKnownFileType = text.plist.xml; path = Info.plist; sourceTree = "<group>"; };
		787AECC51DABDEC8001A49BB /* EndpointTests.xctest */ = {isa = PBXFileReference; explicitFileType = wrapper.cfbundle; includeInIndex = 0; path = EndpointTests.xctest; sourceTree = BUILT_PRODUCTS_DIR; };
		787AECCA1DABDEC8001A49BB /* EndpointTests.swift */ = {isa = PBXFileReference; lastKnownFileType = sourcecode.swift; path = EndpointTests.swift; sourceTree = "<group>"; };
		787AECCC1DABDEC8001A49BB /* Info.plist */ = {isa = PBXFileReference; lastKnownFileType = text.plist.xml; path = Info.plist; sourceTree = "<group>"; };
		787AECD61DABE037001A49BB /* HTTPAPI.swift */ = {isa = PBXFileReference; fileEncoding = 4; lastKnownFileType = sourcecode.swift; path = HTTPAPI.swift; sourceTree = "<group>"; };
		787AECDC1DABE56A001A49BB /* EndpointExample.app */ = {isa = PBXFileReference; explicitFileType = wrapper.application; includeInIndex = 0; path = EndpointExample.app; sourceTree = BUILT_PRODUCTS_DIR; };
		787AECDE1DABE56A001A49BB /* AppDelegate.swift */ = {isa = PBXFileReference; lastKnownFileType = sourcecode.swift; path = AppDelegate.swift; sourceTree = "<group>"; };
		787AECE01DABE56A001A49BB /* ViewController.swift */ = {isa = PBXFileReference; lastKnownFileType = sourcecode.swift; path = ViewController.swift; sourceTree = "<group>"; };
		787AECE31DABE56A001A49BB /* Base */ = {isa = PBXFileReference; lastKnownFileType = file.storyboard; name = Base; path = Base.lproj/Main.storyboard; sourceTree = "<group>"; };
		787AECE51DABE56A001A49BB /* Assets.xcassets */ = {isa = PBXFileReference; lastKnownFileType = folder.assetcatalog; path = Assets.xcassets; sourceTree = "<group>"; };
		787AECE81DABE56A001A49BB /* Base */ = {isa = PBXFileReference; lastKnownFileType = file.storyboard; name = Base; path = Base.lproj/LaunchScreen.storyboard; sourceTree = "<group>"; };
		787AECEA1DABE56A001A49BB /* Info.plist */ = {isa = PBXFileReference; lastKnownFileType = text.plist.xml; path = Info.plist; sourceTree = "<group>"; };
		787AECEF1DABE56A001A49BB /* EndpointExampleTests.xctest */ = {isa = PBXFileReference; explicitFileType = wrapper.cfbundle; includeInIndex = 0; path = EndpointExampleTests.xctest; sourceTree = BUILT_PRODUCTS_DIR; };
		787AECF31DABE56A001A49BB /* EndpointExampleTests.swift */ = {isa = PBXFileReference; lastKnownFileType = sourcecode.swift; path = EndpointExampleTests.swift; sourceTree = "<group>"; };
		787AECF51DABE56A001A49BB /* Info.plist */ = {isa = PBXFileReference; lastKnownFileType = text.plist.xml; path = Info.plist; sourceTree = "<group>"; };
		787AECFC1DABE738001A49BB /* DataParsable.swift */ = {isa = PBXFileReference; fileEncoding = 4; lastKnownFileType = sourcecode.swift; path = DataParsable.swift; sourceTree = "<group>"; };
		787AECFD1DABE738001A49BB /* PWHTTPClientt.swift */ = {isa = PBXFileReference; fileEncoding = 4; lastKnownFileType = sourcecode.swift; path = PWHTTPClientt.swift; sourceTree = "<group>"; };
		787AECFE1DABE738001A49BB /* PWHTTPError.swift */ = {isa = PBXFileReference; fileEncoding = 4; lastKnownFileType = sourcecode.swift; path = PWHTTPError.swift; sourceTree = "<group>"; };
		787AECFF1DABE738001A49BB /* PWHTTPRequest.swift */ = {isa = PBXFileReference; fileEncoding = 4; lastKnownFileType = sourcecode.swift; path = PWHTTPRequest.swift; sourceTree = "<group>"; };
		787AED001DABE738001A49BB /* PWHTTPResult.swift */ = {isa = PBXFileReference; fileEncoding = 4; lastKnownFileType = sourcecode.swift; path = PWHTTPResult.swift; sourceTree = "<group>"; };
		787AED011DABE738001A49BB /* PWUtils.swift */ = {isa = PBXFileReference; fileEncoding = 4; lastKnownFileType = sourcecode.swift; path = PWUtils.swift; sourceTree = "<group>"; };
/* End PBXFileReference section */

/* Begin PBXFrameworksBuildPhase section */
		78685CA91DAFBDF500B72F18 /* Frameworks */ = {
			isa = PBXFrameworksBuildPhase;
			buildActionMask = 2147483647;
			files = (
				78685CCA1DAFBE0600B72F18 /* Endpoint.framework in Frameworks */,
			);
			runOnlyForDeploymentPostprocessing = 0;
		};
		78685CB21DAFBDF500B72F18 /* Frameworks */ = {
			isa = PBXFrameworksBuildPhase;
			buildActionMask = 2147483647;
			files = (
				78685CB61DAFBDF500B72F18 /* EndpointMapper.framework in Frameworks */,
			);
			runOnlyForDeploymentPostprocessing = 0;
		};
		787AECB81DABDEC7001A49BB /* Frameworks */ = {
			isa = PBXFrameworksBuildPhase;
			buildActionMask = 2147483647;
			files = (
			);
			runOnlyForDeploymentPostprocessing = 0;
		};
		787AECC21DABDEC8001A49BB /* Frameworks */ = {
			isa = PBXFrameworksBuildPhase;
			buildActionMask = 2147483647;
			files = (
				787AECC61DABDEC8001A49BB /* Endpoint.framework in Frameworks */,
			);
			runOnlyForDeploymentPostprocessing = 0;
		};
		787AECD91DABE56A001A49BB /* Frameworks */ = {
			isa = PBXFrameworksBuildPhase;
			buildActionMask = 2147483647;
			files = (
				78685CC21DAFBDF500B72F18 /* EndpointMapper.framework in Frameworks */,
				7867367C1DAFAD370082828B /* Endpoint.framework in Frameworks */,
			);
			runOnlyForDeploymentPostprocessing = 0;
		};
		787AECEC1DABE56A001A49BB /* Frameworks */ = {
			isa = PBXFrameworksBuildPhase;
			buildActionMask = 2147483647;
			files = (
			);
			runOnlyForDeploymentPostprocessing = 0;
		};
/* End PBXFrameworksBuildPhase section */

/* Begin PBXGroup section */
		78685CAE1DAFBDF500B72F18 /* EndpointMapper */ = {
			isa = PBXGroup;
			children = (
				78685CAF1DAFBDF500B72F18 /* EndpointMapper.h */,
				78685CB01DAFBDF500B72F18 /* Info.plist */,
			);
			path = EndpointMapper;
			sourceTree = "<group>";
		};
		78685CBB1DAFBDF500B72F18 /* EndpointMapperTests */ = {
			isa = PBXGroup;
			children = (
				78685CBC1DAFBDF500B72F18 /* EndpointMapperTests.swift */,
				78685CBE1DAFBDF500B72F18 /* Info.plist */,
			);
			path = EndpointMapperTests;
			sourceTree = "<group>";
		};
		787AECB21DABDEC7001A49BB = {
			isa = PBXGroup;
			children = (
				787AECBE1DABDEC7001A49BB /* Endpoint */,
				787AECC91DABDEC8001A49BB /* EndpointTests */,
				787AECDD1DABE56A001A49BB /* EndpointExample */,
				787AECF21DABE56A001A49BB /* EndpointExampleTests */,
				78685CAE1DAFBDF500B72F18 /* EndpointMapper */,
				78685CBB1DAFBDF500B72F18 /* EndpointMapperTests */,
				787AECBD1DABDEC7001A49BB /* Products */,
			);
			sourceTree = "<group>";
		};
		787AECBD1DABDEC7001A49BB /* Products */ = {
			isa = PBXGroup;
			children = (
				787AECBC1DABDEC7001A49BB /* Endpoint.framework */,
				787AECC51DABDEC8001A49BB /* EndpointTests.xctest */,
				787AECDC1DABE56A001A49BB /* EndpointExample.app */,
				787AECEF1DABE56A001A49BB /* EndpointExampleTests.xctest */,
				78685CAD1DAFBDF500B72F18 /* EndpointMapper.framework */,
				78685CB51DAFBDF500B72F18 /* EndpointMapperTests.xctest */,
			);
			name = Products;
			sourceTree = "<group>";
		};
		787AECBE1DABDEC7001A49BB /* Endpoint */ = {
			isa = PBXGroup;
			children = (
				787AECD61DABE037001A49BB /* HTTPAPI.swift */,
				787AECBF1DABDEC7001A49BB /* Endpoint.h */,
				787AECC01DABDEC7001A49BB /* Info.plist */,
				787AECFC1DABE738001A49BB /* DataParsable.swift */,
				787AECFD1DABE738001A49BB /* PWHTTPClientt.swift */,
				787AECFE1DABE738001A49BB /* PWHTTPError.swift */,
				787AECFF1DABE738001A49BB /* PWHTTPRequest.swift */,
				787AED001DABE738001A49BB /* PWHTTPResult.swift */,
				787AED011DABE738001A49BB /* PWUtils.swift */,
			);
			path = Endpoint;
			sourceTree = "<group>";
		};
		787AECC91DABDEC8001A49BB /* EndpointTests */ = {
			isa = PBXGroup;
			children = (
				787AECCA1DABDEC8001A49BB /* EndpointTests.swift */,
				787AECCC1DABDEC8001A49BB /* Info.plist */,
			);
			path = EndpointTests;
			sourceTree = "<group>";
		};
		787AECDD1DABE56A001A49BB /* EndpointExample */ = {
			isa = PBXGroup;
			children = (
				786736781DAFA34D0082828B /* BinAPI.swift */,
				787AECDE1DABE56A001A49BB /* AppDelegate.swift */,
				787AECE01DABE56A001A49BB /* ViewController.swift */,
				787AECE21DABE56A001A49BB /* Main.storyboard */,
				787AECE51DABE56A001A49BB /* Assets.xcassets */,
				787AECE71DABE56A001A49BB /* LaunchScreen.storyboard */,
				787AECEA1DABE56A001A49BB /* Info.plist */,
			);
			path = EndpointExample;
			sourceTree = "<group>";
		};
		787AECF21DABE56A001A49BB /* EndpointExampleTests */ = {
			isa = PBXGroup;
			children = (
				787AECF31DABE56A001A49BB /* EndpointExampleTests.swift */,
				787AECF51DABE56A001A49BB /* Info.plist */,
			);
			path = EndpointExampleTests;
			sourceTree = "<group>";
		};
/* End PBXGroup section */

/* Begin PBXHeadersBuildPhase section */
		78685CAA1DAFBDF500B72F18 /* Headers */ = {
			isa = PBXHeadersBuildPhase;
			buildActionMask = 2147483647;
			files = (
				78685CBF1DAFBDF500B72F18 /* EndpointMapper.h in Headers */,
			);
			runOnlyForDeploymentPostprocessing = 0;
		};
		787AECB91DABDEC7001A49BB /* Headers */ = {
			isa = PBXHeadersBuildPhase;
			buildActionMask = 2147483647;
			files = (
				787AECCD1DABDEC8001A49BB /* Endpoint.h in Headers */,
			);
			runOnlyForDeploymentPostprocessing = 0;
		};
/* End PBXHeadersBuildPhase section */

/* Begin PBXNativeTarget section */
		78685CAC1DAFBDF500B72F18 /* EndpointMapper */ = {
			isa = PBXNativeTarget;
			buildConfigurationList = 78685CC81DAFBDF500B72F18 /* Build configuration list for PBXNativeTarget "EndpointMapper" */;
			buildPhases = (
				78685CA81DAFBDF500B72F18 /* Sources */,
				78685CA91DAFBDF500B72F18 /* Frameworks */,
				78685CAA1DAFBDF500B72F18 /* Headers */,
				78685CAB1DAFBDF500B72F18 /* Resources */,
			);
			buildRules = (
			);
			dependencies = (
				78685CCC1DAFBE0C00B72F18 /* PBXTargetDependency */,
			);
			name = EndpointMapper;
			productName = EndpointMapper;
			productReference = 78685CAD1DAFBDF500B72F18 /* EndpointMapper.framework */;
			productType = "com.apple.product-type.framework";
		};
		78685CB41DAFBDF500B72F18 /* EndpointMapperTests */ = {
			isa = PBXNativeTarget;
			buildConfigurationList = 78685CC91DAFBDF500B72F18 /* Build configuration list for PBXNativeTarget "EndpointMapperTests" */;
			buildPhases = (
				78685CB11DAFBDF500B72F18 /* Sources */,
				78685CB21DAFBDF500B72F18 /* Frameworks */,
				78685CB31DAFBDF500B72F18 /* Resources */,
			);
			buildRules = (
			);
			dependencies = (
				78685CB81DAFBDF500B72F18 /* PBXTargetDependency */,
				78685CBA1DAFBDF500B72F18 /* PBXTargetDependency */,
			);
			name = EndpointMapperTests;
			productName = EndpointMapperTests;
			productReference = 78685CB51DAFBDF500B72F18 /* EndpointMapperTests.xctest */;
			productType = "com.apple.product-type.bundle.unit-test";
		};
		787AECBB1DABDEC7001A49BB /* Endpoint */ = {
			isa = PBXNativeTarget;
			buildConfigurationList = 787AECD01DABDEC8001A49BB /* Build configuration list for PBXNativeTarget "Endpoint" */;
			buildPhases = (
				787AECB71DABDEC7001A49BB /* Sources */,
				787AECB81DABDEC7001A49BB /* Frameworks */,
				787AECB91DABDEC7001A49BB /* Headers */,
				787AECBA1DABDEC7001A49BB /* Resources */,
			);
			buildRules = (
			);
			dependencies = (
			);
			name = Endpoint;
			productName = Endpoint;
			productReference = 787AECBC1DABDEC7001A49BB /* Endpoint.framework */;
			productType = "com.apple.product-type.framework";
		};
		787AECC41DABDEC8001A49BB /* EndpointTests */ = {
			isa = PBXNativeTarget;
			buildConfigurationList = 787AECD31DABDEC8001A49BB /* Build configuration list for PBXNativeTarget "EndpointTests" */;
			buildPhases = (
				787AECC11DABDEC8001A49BB /* Sources */,
				787AECC21DABDEC8001A49BB /* Frameworks */,
				787AECC31DABDEC8001A49BB /* Resources */,
			);
			buildRules = (
			);
			dependencies = (
				787AECC81DABDEC8001A49BB /* PBXTargetDependency */,
			);
			name = EndpointTests;
			productName = EndpointTests;
			productReference = 787AECC51DABDEC8001A49BB /* EndpointTests.xctest */;
			productType = "com.apple.product-type.bundle.unit-test";
		};
		787AECDB1DABE56A001A49BB /* EndpointExample */ = {
			isa = PBXNativeTarget;
			buildConfigurationList = 787AECF61DABE56A001A49BB /* Build configuration list for PBXNativeTarget "EndpointExample" */;
			buildPhases = (
				787AECD81DABE56A001A49BB /* Sources */,
				787AECD91DABE56A001A49BB /* Frameworks */,
				787AECDA1DABE56A001A49BB /* Resources */,
				7867367E1DAFAD380082828B /* Embed Frameworks */,
			);
			buildRules = (
			);
			dependencies = (
				7867367B1DAFA6CE0082828B /* PBXTargetDependency */,
				78685CC11DAFBDF500B72F18 /* PBXTargetDependency */,
			);
			name = EndpointExample;
			productName = EndpointExample;
			productReference = 787AECDC1DABE56A001A49BB /* EndpointExample.app */;
			productType = "com.apple.product-type.application";
		};
		787AECEE1DABE56A001A49BB /* EndpointExampleTests */ = {
			isa = PBXNativeTarget;
			buildConfigurationList = 787AECF91DABE56A001A49BB /* Build configuration list for PBXNativeTarget "EndpointExampleTests" */;
			buildPhases = (
				787AECEB1DABE56A001A49BB /* Sources */,
				787AECEC1DABE56A001A49BB /* Frameworks */,
				787AECED1DABE56A001A49BB /* Resources */,
			);
			buildRules = (
			);
			dependencies = (
				787AECF11DABE56A001A49BB /* PBXTargetDependency */,
			);
			name = EndpointExampleTests;
			productName = EndpointExampleTests;
			productReference = 787AECEF1DABE56A001A49BB /* EndpointExampleTests.xctest */;
			productType = "com.apple.product-type.bundle.unit-test";
		};
/* End PBXNativeTarget section */

/* Begin PBXProject section */
		787AECB31DABDEC7001A49BB /* Project object */ = {
			isa = PBXProject;
			attributes = {
				LastSwiftUpdateCheck = 0800;
				LastUpgradeCheck = 0800;
				ORGANIZATIONNAME = "Tailored Apps";
				TargetAttributes = {
					78685CAC1DAFBDF500B72F18 = {
						CreatedOnToolsVersion = 8.0;
						DevelopmentTeam = U37QH9QGB8;
						ProvisioningStyle = Automatic;
					};
					78685CB41DAFBDF500B72F18 = {
						CreatedOnToolsVersion = 8.0;
						DevelopmentTeam = U37QH9QGB8;
						ProvisioningStyle = Automatic;
						TestTargetID = 787AECDB1DABE56A001A49BB;
					};
					787AECBB1DABDEC7001A49BB = {
						CreatedOnToolsVersion = 8.0;
						DevelopmentTeam = U37QH9QGB8;
						LastSwiftMigration = 0800;
						ProvisioningStyle = Automatic;
					};
					787AECC41DABDEC8001A49BB = {
						CreatedOnToolsVersion = 8.0;
						DevelopmentTeam = U37QH9QGB8;
						ProvisioningStyle = Automatic;
					};
					787AECDB1DABE56A001A49BB = {
						CreatedOnToolsVersion = 8.0;
						DevelopmentTeam = U37QH9QGB8;
						ProvisioningStyle = Automatic;
					};
					787AECEE1DABE56A001A49BB = {
						CreatedOnToolsVersion = 8.0;
						DevelopmentTeam = U37QH9QGB8;
						ProvisioningStyle = Automatic;
						TestTargetID = 787AECDB1DABE56A001A49BB;
					};
				};
			};
			buildConfigurationList = 787AECB61DABDEC7001A49BB /* Build configuration list for PBXProject "Endpoint" */;
			compatibilityVersion = "Xcode 3.2";
			developmentRegion = English;
			hasScannedForEncodings = 0;
			knownRegions = (
				en,
				Base,
			);
			mainGroup = 787AECB21DABDEC7001A49BB;
			productRefGroup = 787AECBD1DABDEC7001A49BB /* Products */;
			projectDirPath = "";
			projectRoot = "";
			targets = (
				787AECBB1DABDEC7001A49BB /* Endpoint */,
				787AECC41DABDEC8001A49BB /* EndpointTests */,
				787AECDB1DABE56A001A49BB /* EndpointExample */,
				787AECEE1DABE56A001A49BB /* EndpointExampleTests */,
				78685CAC1DAFBDF500B72F18 /* EndpointMapper */,
				78685CB41DAFBDF500B72F18 /* EndpointMapperTests */,
			);
		};
/* End PBXProject section */

/* Begin PBXResourcesBuildPhase section */
		78685CAB1DAFBDF500B72F18 /* Resources */ = {
			isa = PBXResourcesBuildPhase;
			buildActionMask = 2147483647;
			files = (
			);
			runOnlyForDeploymentPostprocessing = 0;
		};
		78685CB31DAFBDF500B72F18 /* Resources */ = {
			isa = PBXResourcesBuildPhase;
			buildActionMask = 2147483647;
			files = (
			);
			runOnlyForDeploymentPostprocessing = 0;
		};
		787AECBA1DABDEC7001A49BB /* Resources */ = {
			isa = PBXResourcesBuildPhase;
			buildActionMask = 2147483647;
			files = (
			);
			runOnlyForDeploymentPostprocessing = 0;
		};
		787AECC31DABDEC8001A49BB /* Resources */ = {
			isa = PBXResourcesBuildPhase;
			buildActionMask = 2147483647;
			files = (
			);
			runOnlyForDeploymentPostprocessing = 0;
		};
		787AECDA1DABE56A001A49BB /* Resources */ = {
			isa = PBXResourcesBuildPhase;
			buildActionMask = 2147483647;
			files = (
				787AECE91DABE56A001A49BB /* LaunchScreen.storyboard in Resources */,
				787AECE61DABE56A001A49BB /* Assets.xcassets in Resources */,
				787AECE41DABE56A001A49BB /* Main.storyboard in Resources */,
			);
			runOnlyForDeploymentPostprocessing = 0;
		};
		787AECED1DABE56A001A49BB /* Resources */ = {
			isa = PBXResourcesBuildPhase;
			buildActionMask = 2147483647;
			files = (
			);
			runOnlyForDeploymentPostprocessing = 0;
		};
/* End PBXResourcesBuildPhase section */

/* Begin PBXSourcesBuildPhase section */
		78685CA81DAFBDF500B72F18 /* Sources */ = {
			isa = PBXSourcesBuildPhase;
			buildActionMask = 2147483647;
			files = (
			);
			runOnlyForDeploymentPostprocessing = 0;
		};
		78685CB11DAFBDF500B72F18 /* Sources */ = {
			isa = PBXSourcesBuildPhase;
			buildActionMask = 2147483647;
			files = (
				78685CBD1DAFBDF500B72F18 /* EndpointMapperTests.swift in Sources */,
			);
			runOnlyForDeploymentPostprocessing = 0;
		};
		787AECB71DABDEC7001A49BB /* Sources */ = {
			isa = PBXSourcesBuildPhase;
			buildActionMask = 2147483647;
			files = (
				787AECD71DABE037001A49BB /* HTTPAPI.swift in Sources */,
			);
			runOnlyForDeploymentPostprocessing = 0;
		};
		787AECC11DABDEC8001A49BB /* Sources */ = {
			isa = PBXSourcesBuildPhase;
			buildActionMask = 2147483647;
			files = (
				787AECCB1DABDEC8001A49BB /* EndpointTests.swift in Sources */,
			);
			runOnlyForDeploymentPostprocessing = 0;
		};
		787AECD81DABE56A001A49BB /* Sources */ = {
			isa = PBXSourcesBuildPhase;
			buildActionMask = 2147483647;
			files = (
				786736791DAFA34D0082828B /* BinAPI.swift in Sources */,
				787AECE11DABE56A001A49BB /* ViewController.swift in Sources */,
				787AECDF1DABE56A001A49BB /* AppDelegate.swift in Sources */,
			);
			runOnlyForDeploymentPostprocessing = 0;
		};
		787AECEB1DABE56A001A49BB /* Sources */ = {
			isa = PBXSourcesBuildPhase;
			buildActionMask = 2147483647;
			files = (
				787AECF41DABE56A001A49BB /* EndpointExampleTests.swift in Sources */,
			);
			runOnlyForDeploymentPostprocessing = 0;
		};
/* End PBXSourcesBuildPhase section */

/* Begin PBXTargetDependency section */
		7867367B1DAFA6CE0082828B /* PBXTargetDependency */ = {
			isa = PBXTargetDependency;
			target = 787AECBB1DABDEC7001A49BB /* Endpoint */;
			targetProxy = 7867367A1DAFA6CE0082828B /* PBXContainerItemProxy */;
		};
		78685CB81DAFBDF500B72F18 /* PBXTargetDependency */ = {
			isa = PBXTargetDependency;
			target = 78685CAC1DAFBDF500B72F18 /* EndpointMapper */;
			targetProxy = 78685CB71DAFBDF500B72F18 /* PBXContainerItemProxy */;
		};
		78685CBA1DAFBDF500B72F18 /* PBXTargetDependency */ = {
			isa = PBXTargetDependency;
			target = 787AECDB1DABE56A001A49BB /* EndpointExample */;
			targetProxy = 78685CB91DAFBDF500B72F18 /* PBXContainerItemProxy */;
		};
		78685CC11DAFBDF500B72F18 /* PBXTargetDependency */ = {
			isa = PBXTargetDependency;
			target = 78685CAC1DAFBDF500B72F18 /* EndpointMapper */;
			targetProxy = 78685CC01DAFBDF500B72F18 /* PBXContainerItemProxy */;
		};
		78685CCC1DAFBE0C00B72F18 /* PBXTargetDependency */ = {
			isa = PBXTargetDependency;
			target = 787AECBB1DABDEC7001A49BB /* Endpoint */;
			targetProxy = 78685CCB1DAFBE0C00B72F18 /* PBXContainerItemProxy */;
		};
		787AECC81DABDEC8001A49BB /* PBXTargetDependency */ = {
			isa = PBXTargetDependency;
			target = 787AECBB1DABDEC7001A49BB /* Endpoint */;
			targetProxy = 787AECC71DABDEC8001A49BB /* PBXContainerItemProxy */;
		};
		787AECF11DABE56A001A49BB /* PBXTargetDependency */ = {
			isa = PBXTargetDependency;
			target = 787AECDB1DABE56A001A49BB /* EndpointExample */;
			targetProxy = 787AECF01DABE56A001A49BB /* PBXContainerItemProxy */;
		};
/* End PBXTargetDependency section */

/* Begin PBXVariantGroup section */
		787AECE21DABE56A001A49BB /* Main.storyboard */ = {
			isa = PBXVariantGroup;
			children = (
				787AECE31DABE56A001A49BB /* Base */,
			);
			name = Main.storyboard;
			sourceTree = "<group>";
		};
		787AECE71DABE56A001A49BB /* LaunchScreen.storyboard */ = {
			isa = PBXVariantGroup;
			children = (
				787AECE81DABE56A001A49BB /* Base */,
			);
			name = LaunchScreen.storyboard;
			sourceTree = "<group>";
		};
/* End PBXVariantGroup section */

/* Begin XCBuildConfiguration section */
		78685CC41DAFBDF500B72F18 /* Debug */ = {
			isa = XCBuildConfiguration;
			buildSettings = {
				CODE_SIGN_IDENTITY = "";
				DEFINES_MODULE = YES;
				DEVELOPMENT_TEAM = U37QH9QGB8;
				DYLIB_COMPATIBILITY_VERSION = 1;
				DYLIB_CURRENT_VERSION = 1;
				DYLIB_INSTALL_NAME_BASE = "@rpath";
				INFOPLIST_FILE = EndpointMapper/Info.plist;
				INSTALL_PATH = "$(LOCAL_LIBRARY_DIR)/Frameworks";
				LD_RUNPATH_SEARCH_PATHS = "$(inherited) @executable_path/Frameworks @loader_path/Frameworks";
				PRODUCT_BUNDLE_IDENTIFIER = "com.tailored-apps.EndpointMapper";
				PRODUCT_NAME = "$(TARGET_NAME)";
				SKIP_INSTALL = YES;
				SWIFT_VERSION = 3.0;
			};
			name = Debug;
		};
		78685CC51DAFBDF500B72F18 /* Release */ = {
			isa = XCBuildConfiguration;
			buildSettings = {
				CODE_SIGN_IDENTITY = "";
				DEFINES_MODULE = YES;
				DEVELOPMENT_TEAM = U37QH9QGB8;
				DYLIB_COMPATIBILITY_VERSION = 1;
				DYLIB_CURRENT_VERSION = 1;
				DYLIB_INSTALL_NAME_BASE = "@rpath";
				INFOPLIST_FILE = EndpointMapper/Info.plist;
				INSTALL_PATH = "$(LOCAL_LIBRARY_DIR)/Frameworks";
				LD_RUNPATH_SEARCH_PATHS = "$(inherited) @executable_path/Frameworks @loader_path/Frameworks";
				PRODUCT_BUNDLE_IDENTIFIER = "com.tailored-apps.EndpointMapper";
				PRODUCT_NAME = "$(TARGET_NAME)";
				SKIP_INSTALL = YES;
				SWIFT_VERSION = 3.0;
			};
			name = Release;
		};
		78685CC61DAFBDF500B72F18 /* Debug */ = {
			isa = XCBuildConfiguration;
			buildSettings = {
				ALWAYS_EMBED_SWIFT_STANDARD_LIBRARIES = YES;
				DEVELOPMENT_TEAM = U37QH9QGB8;
				INFOPLIST_FILE = EndpointMapperTests/Info.plist;
				LD_RUNPATH_SEARCH_PATHS = "$(inherited) @executable_path/Frameworks @loader_path/Frameworks";
				PRODUCT_BUNDLE_IDENTIFIER = "com.tailored-apps.EndpointMapperTests";
				PRODUCT_NAME = "$(TARGET_NAME)";
				SWIFT_VERSION = 3.0;
				TEST_HOST = "$(BUILT_PRODUCTS_DIR)/EndpointExample.app/EndpointExample";
			};
			name = Debug;
		};
		78685CC71DAFBDF500B72F18 /* Release */ = {
			isa = XCBuildConfiguration;
			buildSettings = {
				ALWAYS_EMBED_SWIFT_STANDARD_LIBRARIES = YES;
				DEVELOPMENT_TEAM = U37QH9QGB8;
				INFOPLIST_FILE = EndpointMapperTests/Info.plist;
				LD_RUNPATH_SEARCH_PATHS = "$(inherited) @executable_path/Frameworks @loader_path/Frameworks";
				PRODUCT_BUNDLE_IDENTIFIER = "com.tailored-apps.EndpointMapperTests";
				PRODUCT_NAME = "$(TARGET_NAME)";
				SWIFT_VERSION = 3.0;
				TEST_HOST = "$(BUILT_PRODUCTS_DIR)/EndpointExample.app/EndpointExample";
			};
			name = Release;
		};
		787AECCE1DABDEC8001A49BB /* Debug */ = {
			isa = XCBuildConfiguration;
			buildSettings = {
				ALWAYS_SEARCH_USER_PATHS = NO;
				CLANG_ANALYZER_NONNULL = YES;
				CLANG_CXX_LANGUAGE_STANDARD = "gnu++0x";
				CLANG_CXX_LIBRARY = "libc++";
				CLANG_ENABLE_MODULES = YES;
				CLANG_ENABLE_OBJC_ARC = YES;
				CLANG_WARN_BOOL_CONVERSION = YES;
				CLANG_WARN_CONSTANT_CONVERSION = YES;
				CLANG_WARN_DIRECT_OBJC_ISA_USAGE = YES_ERROR;
				CLANG_WARN_DOCUMENTATION_COMMENTS = YES;
				CLANG_WARN_EMPTY_BODY = YES;
				CLANG_WARN_ENUM_CONVERSION = YES;
				CLANG_WARN_INFINITE_RECURSION = YES;
				CLANG_WARN_INT_CONVERSION = YES;
				CLANG_WARN_OBJC_ROOT_CLASS = YES_ERROR;
				CLANG_WARN_SUSPICIOUS_MOVES = YES;
				CLANG_WARN_UNREACHABLE_CODE = YES;
				CLANG_WARN__DUPLICATE_METHOD_MATCH = YES;
				"CODE_SIGN_IDENTITY[sdk=iphoneos*]" = "iPhone Developer";
				COPY_PHASE_STRIP = NO;
				CURRENT_PROJECT_VERSION = 1;
				DEBUG_INFORMATION_FORMAT = dwarf;
				ENABLE_STRICT_OBJC_MSGSEND = YES;
				ENABLE_TESTABILITY = YES;
				GCC_C_LANGUAGE_STANDARD = gnu99;
				GCC_DYNAMIC_NO_PIC = NO;
				GCC_NO_COMMON_BLOCKS = YES;
				GCC_OPTIMIZATION_LEVEL = 0;
				GCC_PREPROCESSOR_DEFINITIONS = (
					"DEBUG=1",
					"$(inherited)",
				);
				GCC_WARN_64_TO_32_BIT_CONVERSION = YES;
				GCC_WARN_ABOUT_RETURN_TYPE = YES_ERROR;
				GCC_WARN_UNDECLARED_SELECTOR = YES;
				GCC_WARN_UNINITIALIZED_AUTOS = YES_AGGRESSIVE;
				GCC_WARN_UNUSED_FUNCTION = YES;
				GCC_WARN_UNUSED_VARIABLE = YES;
				IPHONEOS_DEPLOYMENT_TARGET = 10.0;
				MTL_ENABLE_DEBUG_INFO = YES;
				ONLY_ACTIVE_ARCH = YES;
				SDKROOT = iphoneos;
				SWIFT_ACTIVE_COMPILATION_CONDITIONS = DEBUG;
				SWIFT_OPTIMIZATION_LEVEL = "-Onone";
				TARGETED_DEVICE_FAMILY = "1,2";
				VERSIONING_SYSTEM = "apple-generic";
				VERSION_INFO_PREFIX = "";
			};
			name = Debug;
		};
		787AECCF1DABDEC8001A49BB /* Release */ = {
			isa = XCBuildConfiguration;
			buildSettings = {
				ALWAYS_SEARCH_USER_PATHS = NO;
				CLANG_ANALYZER_NONNULL = YES;
				CLANG_CXX_LANGUAGE_STANDARD = "gnu++0x";
				CLANG_CXX_LIBRARY = "libc++";
				CLANG_ENABLE_MODULES = YES;
				CLANG_ENABLE_OBJC_ARC = YES;
				CLANG_WARN_BOOL_CONVERSION = YES;
				CLANG_WARN_CONSTANT_CONVERSION = YES;
				CLANG_WARN_DIRECT_OBJC_ISA_USAGE = YES_ERROR;
				CLANG_WARN_DOCUMENTATION_COMMENTS = YES;
				CLANG_WARN_EMPTY_BODY = YES;
				CLANG_WARN_ENUM_CONVERSION = YES;
				CLANG_WARN_INFINITE_RECURSION = YES;
				CLANG_WARN_INT_CONVERSION = YES;
				CLANG_WARN_OBJC_ROOT_CLASS = YES_ERROR;
				CLANG_WARN_SUSPICIOUS_MOVES = YES;
				CLANG_WARN_UNREACHABLE_CODE = YES;
				CLANG_WARN__DUPLICATE_METHOD_MATCH = YES;
				"CODE_SIGN_IDENTITY[sdk=iphoneos*]" = "iPhone Developer";
				COPY_PHASE_STRIP = NO;
				CURRENT_PROJECT_VERSION = 1;
				DEBUG_INFORMATION_FORMAT = "dwarf-with-dsym";
				ENABLE_NS_ASSERTIONS = NO;
				ENABLE_STRICT_OBJC_MSGSEND = YES;
				GCC_C_LANGUAGE_STANDARD = gnu99;
				GCC_NO_COMMON_BLOCKS = YES;
				GCC_WARN_64_TO_32_BIT_CONVERSION = YES;
				GCC_WARN_ABOUT_RETURN_TYPE = YES_ERROR;
				GCC_WARN_UNDECLARED_SELECTOR = YES;
				GCC_WARN_UNINITIALIZED_AUTOS = YES_AGGRESSIVE;
				GCC_WARN_UNUSED_FUNCTION = YES;
				GCC_WARN_UNUSED_VARIABLE = YES;
				IPHONEOS_DEPLOYMENT_TARGET = 10.0;
				MTL_ENABLE_DEBUG_INFO = NO;
				SDKROOT = iphoneos;
				SWIFT_OPTIMIZATION_LEVEL = "-Owholemodule";
				TARGETED_DEVICE_FAMILY = "1,2";
				VALIDATE_PRODUCT = YES;
				VERSIONING_SYSTEM = "apple-generic";
				VERSION_INFO_PREFIX = "";
			};
			name = Release;
		};
		787AECD11DABDEC8001A49BB /* Debug */ = {
			isa = XCBuildConfiguration;
			buildSettings = {
				CLANG_ENABLE_MODULES = YES;
				CODE_SIGN_IDENTITY = "";
				DEFINES_MODULE = YES;
				DEVELOPMENT_TEAM = U37QH9QGB8;
				DYLIB_COMPATIBILITY_VERSION = 1;
				DYLIB_CURRENT_VERSION = 1;
				DYLIB_INSTALL_NAME_BASE = "@rpath";
				INFOPLIST_FILE = Endpoint/Info.plist;
				INSTALL_PATH = "$(LOCAL_LIBRARY_DIR)/Frameworks";
				LD_RUNPATH_SEARCH_PATHS = "$(inherited) @executable_path/Frameworks @loader_path/Frameworks";
				PRODUCT_BUNDLE_IDENTIFIER = "com.tailored-apps.Endpoint";
				PRODUCT_NAME = "$(TARGET_NAME)";
				SKIP_INSTALL = YES;
				SWIFT_OPTIMIZATION_LEVEL = "-Onone";
				SWIFT_VERSION = 3.0;
			};
			name = Debug;
		};
		787AECD21DABDEC8001A49BB /* Release */ = {
			isa = XCBuildConfiguration;
			buildSettings = {
				CLANG_ENABLE_MODULES = YES;
				CODE_SIGN_IDENTITY = "";
				DEFINES_MODULE = YES;
				DEVELOPMENT_TEAM = U37QH9QGB8;
				DYLIB_COMPATIBILITY_VERSION = 1;
				DYLIB_CURRENT_VERSION = 1;
				DYLIB_INSTALL_NAME_BASE = "@rpath";
				INFOPLIST_FILE = Endpoint/Info.plist;
				INSTALL_PATH = "$(LOCAL_LIBRARY_DIR)/Frameworks";
				LD_RUNPATH_SEARCH_PATHS = "$(inherited) @executable_path/Frameworks @loader_path/Frameworks";
				PRODUCT_BUNDLE_IDENTIFIER = "com.tailored-apps.Endpoint";
				PRODUCT_NAME = "$(TARGET_NAME)";
				SKIP_INSTALL = YES;
				SWIFT_VERSION = 3.0;
			};
			name = Release;
		};
		787AECD41DABDEC8001A49BB /* Debug */ = {
			isa = XCBuildConfiguration;
			buildSettings = {
				ALWAYS_EMBED_SWIFT_STANDARD_LIBRARIES = YES;
				DEVELOPMENT_TEAM = U37QH9QGB8;
				INFOPLIST_FILE = EndpointTests/Info.plist;
				LD_RUNPATH_SEARCH_PATHS = "$(inherited) @executable_path/Frameworks @loader_path/Frameworks";
				PRODUCT_BUNDLE_IDENTIFIER = "com.tailored-apps.EndpointTests";
				PRODUCT_NAME = "$(TARGET_NAME)";
				SWIFT_VERSION = 3.0;
			};
			name = Debug;
		};
		787AECD51DABDEC8001A49BB /* Release */ = {
			isa = XCBuildConfiguration;
			buildSettings = {
				ALWAYS_EMBED_SWIFT_STANDARD_LIBRARIES = YES;
				DEVELOPMENT_TEAM = U37QH9QGB8;
				INFOPLIST_FILE = EndpointTests/Info.plist;
				LD_RUNPATH_SEARCH_PATHS = "$(inherited) @executable_path/Frameworks @loader_path/Frameworks";
				PRODUCT_BUNDLE_IDENTIFIER = "com.tailored-apps.EndpointTests";
				PRODUCT_NAME = "$(TARGET_NAME)";
				SWIFT_VERSION = 3.0;
			};
			name = Release;
		};
		787AECF71DABE56A001A49BB /* Debug */ = {
			isa = XCBuildConfiguration;
			buildSettings = {
				ALWAYS_EMBED_SWIFT_STANDARD_LIBRARIES = YES;
				ASSETCATALOG_COMPILER_APPICON_NAME = AppIcon;
				DEVELOPMENT_TEAM = U37QH9QGB8;
				INFOPLIST_FILE = EndpointExample/Info.plist;
				LD_RUNPATH_SEARCH_PATHS = "$(inherited) @executable_path/Frameworks";
				PRODUCT_BUNDLE_IDENTIFIER = "com.tailored-apps.EndpointExample";
				PRODUCT_NAME = "$(TARGET_NAME)";
				SWIFT_VERSION = 3.0;
			};
			name = Debug;
		};
		787AECF81DABE56A001A49BB /* Release */ = {
			isa = XCBuildConfiguration;
			buildSettings = {
				ALWAYS_EMBED_SWIFT_STANDARD_LIBRARIES = YES;
				ASSETCATALOG_COMPILER_APPICON_NAME = AppIcon;
				DEVELOPMENT_TEAM = U37QH9QGB8;
				INFOPLIST_FILE = EndpointExample/Info.plist;
				LD_RUNPATH_SEARCH_PATHS = "$(inherited) @executable_path/Frameworks";
				PRODUCT_BUNDLE_IDENTIFIER = "com.tailored-apps.EndpointExample";
				PRODUCT_NAME = "$(TARGET_NAME)";
				SWIFT_VERSION = 3.0;
			};
			name = Release;
		};
		787AECFA1DABE56A001A49BB /* Debug */ = {
			isa = XCBuildConfiguration;
			buildSettings = {
				ALWAYS_EMBED_SWIFT_STANDARD_LIBRARIES = YES;
				BUNDLE_LOADER = "$(TEST_HOST)";
				DEVELOPMENT_TEAM = U37QH9QGB8;
				INFOPLIST_FILE = EndpointExampleTests/Info.plist;
				LD_RUNPATH_SEARCH_PATHS = "$(inherited) @executable_path/Frameworks @loader_path/Frameworks";
				PRODUCT_BUNDLE_IDENTIFIER = "com.tailored-apps.EndpointExampleTests";
				PRODUCT_NAME = "$(TARGET_NAME)";
				SWIFT_VERSION = 3.0;
				TEST_HOST = "$(BUILT_PRODUCTS_DIR)/EndpointExample.app/EndpointExample";
			};
			name = Debug;
		};
		787AECFB1DABE56A001A49BB /* Release */ = {
			isa = XCBuildConfiguration;
			buildSettings = {
				ALWAYS_EMBED_SWIFT_STANDARD_LIBRARIES = YES;
				BUNDLE_LOADER = "$(TEST_HOST)";
				DEVELOPMENT_TEAM = U37QH9QGB8;
				INFOPLIST_FILE = EndpointExampleTests/Info.plist;
				LD_RUNPATH_SEARCH_PATHS = "$(inherited) @executable_path/Frameworks @loader_path/Frameworks";
				PRODUCT_BUNDLE_IDENTIFIER = "com.tailored-apps.EndpointExampleTests";
				PRODUCT_NAME = "$(TARGET_NAME)";
				SWIFT_VERSION = 3.0;
				TEST_HOST = "$(BUILT_PRODUCTS_DIR)/EndpointExample.app/EndpointExample";
			};
			name = Release;
		};
/* End XCBuildConfiguration section */

/* Begin XCConfigurationList section */
		78685CC81DAFBDF500B72F18 /* Build configuration list for PBXNativeTarget "EndpointMapper" */ = {
			isa = XCConfigurationList;
			buildConfigurations = (
				78685CC41DAFBDF500B72F18 /* Debug */,
				78685CC51DAFBDF500B72F18 /* Release */,
			);
			defaultConfigurationIsVisible = 0;
		};
		78685CC91DAFBDF500B72F18 /* Build configuration list for PBXNativeTarget "EndpointMapperTests" */ = {
			isa = XCConfigurationList;
			buildConfigurations = (
				78685CC61DAFBDF500B72F18 /* Debug */,
				78685CC71DAFBDF500B72F18 /* Release */,
			);
			defaultConfigurationIsVisible = 0;
		};
		787AECB61DABDEC7001A49BB /* Build configuration list for PBXProject "Endpoint" */ = {
			isa = XCConfigurationList;
			buildConfigurations = (
				787AECCE1DABDEC8001A49BB /* Debug */,
				787AECCF1DABDEC8001A49BB /* Release */,
			);
			defaultConfigurationIsVisible = 0;
			defaultConfigurationName = Release;
		};
		787AECD01DABDEC8001A49BB /* Build configuration list for PBXNativeTarget "Endpoint" */ = {
			isa = XCConfigurationList;
			buildConfigurations = (
				787AECD11DABDEC8001A49BB /* Debug */,
				787AECD21DABDEC8001A49BB /* Release */,
			);
			defaultConfigurationIsVisible = 0;
			defaultConfigurationName = Release;
		};
		787AECD31DABDEC8001A49BB /* Build configuration list for PBXNativeTarget "EndpointTests" */ = {
			isa = XCConfigurationList;
			buildConfigurations = (
				787AECD41DABDEC8001A49BB /* Debug */,
				787AECD51DABDEC8001A49BB /* Release */,
			);
			defaultConfigurationIsVisible = 0;
			defaultConfigurationName = Release;
		};
		787AECF61DABE56A001A49BB /* Build configuration list for PBXNativeTarget "EndpointExample" */ = {
			isa = XCConfigurationList;
			buildConfigurations = (
				787AECF71DABE56A001A49BB /* Debug */,
				787AECF81DABE56A001A49BB /* Release */,
			);
			defaultConfigurationIsVisible = 0;
			defaultConfigurationName = Release;
		};
		787AECF91DABE56A001A49BB /* Build configuration list for PBXNativeTarget "EndpointExampleTests" */ = {
			isa = XCConfigurationList;
			buildConfigurations = (
				787AECFA1DABE56A001A49BB /* Debug */,
				787AECFB1DABE56A001A49BB /* Release */,
			);
			defaultConfigurationIsVisible = 0;
			defaultConfigurationName = Release;
		};
/* End XCConfigurationList section */
	};
	rootObject = 787AECB31DABDEC7001A49BB /* Project object */;
}
